// !$*UTF8*$!
{
	archiveVersion = 1;
	classes = {
	};
	objectVersion = 56;
	objects = {

/* Begin PBXBuildFile section */
		5B33FF8F2AFDB711003E6219 /* FetchCodingChallengeApp.swift in Sources */ = {isa = PBXBuildFile; fileRef = 5B33FF8E2AFDB711003E6219 /* FetchCodingChallengeApp.swift */; };
		5B33FF932AFDB713003E6219 /* Assets.xcassets in Resources */ = {isa = PBXBuildFile; fileRef = 5B33FF922AFDB713003E6219 /* Assets.xcassets */; };
		5B33FF962AFDB713003E6219 /* Preview Assets.xcassets in Resources */ = {isa = PBXBuildFile; fileRef = 5B33FF952AFDB713003E6219 /* Preview Assets.xcassets */; };
		5B33FF9F2AFDD5F4003E6219 /* Meal.swift in Sources */ = {isa = PBXBuildFile; fileRef = 5B33FF9E2AFDD5F4003E6219 /* Meal.swift */; };
		5B33FFA52AFEB66B003E6219 /* MealListViewModel.swift in Sources */ = {isa = PBXBuildFile; fileRef = 5B33FFA42AFEB66B003E6219 /* MealListViewModel.swift */; };
		5B33FFA72AFEB804003E6219 /* NetworkManager.swift in Sources */ = {isa = PBXBuildFile; fileRef = 5B33FFA62AFEB804003E6219 /* NetworkManager.swift */; };
		5B33FFA92AFED10B003E6219 /* MealListView.swift in Sources */ = {isa = PBXBuildFile; fileRef = 5B33FFA82AFED10B003E6219 /* MealListView.swift */; };
		5B33FFAC2AFEF4F0003E6219 /* MealDetailViewModel.swift in Sources */ = {isa = PBXBuildFile; fileRef = 5B33FFAB2AFEF4F0003E6219 /* MealDetailViewModel.swift */; };
		5B33FFAE2B016B43003E6219 /* MealDetailView.swift in Sources */ = {isa = PBXBuildFile; fileRef = 5B33FFAD2B016B43003E6219 /* MealDetailView.swift */; };
		5B33FFB12B02C469003E6219 /* Constants.swift in Sources */ = {isa = PBXBuildFile; fileRef = 5B33FFB02B02C469003E6219 /* Constants.swift */; };
		5B33FFB92B02EA5D003E6219 /* MealDbRepo.swift in Sources */ = {isa = PBXBuildFile; fileRef = 5B33FFB82B02EA5D003E6219 /* MealDbRepo.swift */; };
		5B33FFBB2B040A10003E6219 /* MealItemCell.swift in Sources */ = {isa = PBXBuildFile; fileRef = 5B33FFBA2B040A10003E6219 /* MealItemCell.swift */; };
		5B33FFBD2B040AA2003E6219 /* MealImageView.swift in Sources */ = {isa = PBXBuildFile; fileRef = 5B33FFBC2B040AA2003E6219 /* MealImageView.swift */; };
		5B33FFC02B040E02003E6219 /* IngredientsView.swift in Sources */ = {isa = PBXBuildFile; fileRef = 5B33FFBF2B040E02003E6219 /* IngredientsView.swift */; };
		5B33FFC22B0412EC003E6219 /* ButtonPickerView.swift in Sources */ = {isa = PBXBuildFile; fileRef = 5B33FFC12B0412EC003E6219 /* ButtonPickerView.swift */; };
		5B33FFC42B0417A7003E6219 /* InstructionsView.swift in Sources */ = {isa = PBXBuildFile; fileRef = 5B33FFC32B0417A7003E6219 /* InstructionsView.swift */; };
/* End PBXBuildFile section */

/* Begin PBXFileReference section */
		5B33FF8B2AFDB711003E6219 /* FetchCodingChallenge.app */ = {isa = PBXFileReference; explicitFileType = wrapper.application; includeInIndex = 0; path = FetchCodingChallenge.app; sourceTree = BUILT_PRODUCTS_DIR; };
		5B33FF8E2AFDB711003E6219 /* FetchCodingChallengeApp.swift */ = {isa = PBXFileReference; lastKnownFileType = sourcecode.swift; path = FetchCodingChallengeApp.swift; sourceTree = "<group>"; };
		5B33FF922AFDB713003E6219 /* Assets.xcassets */ = {isa = PBXFileReference; lastKnownFileType = folder.assetcatalog; path = Assets.xcassets; sourceTree = "<group>"; };
		5B33FF952AFDB713003E6219 /* Preview Assets.xcassets */ = {isa = PBXFileReference; lastKnownFileType = folder.assetcatalog; path = "Preview Assets.xcassets"; sourceTree = "<group>"; };
		5B33FF9E2AFDD5F4003E6219 /* Meal.swift */ = {isa = PBXFileReference; lastKnownFileType = sourcecode.swift; path = Meal.swift; sourceTree = "<group>"; };
		5B33FFA42AFEB66B003E6219 /* MealListViewModel.swift */ = {isa = PBXFileReference; lastKnownFileType = sourcecode.swift; path = MealListViewModel.swift; sourceTree = "<group>"; };
		5B33FFA62AFEB804003E6219 /* NetworkManager.swift */ = {isa = PBXFileReference; lastKnownFileType = sourcecode.swift; path = NetworkManager.swift; sourceTree = "<group>"; };
		5B33FFA82AFED10B003E6219 /* MealListView.swift */ = {isa = PBXFileReference; lastKnownFileType = sourcecode.swift; path = MealListView.swift; sourceTree = "<group>"; };
		5B33FFAB2AFEF4F0003E6219 /* MealDetailViewModel.swift */ = {isa = PBXFileReference; lastKnownFileType = sourcecode.swift; path = MealDetailViewModel.swift; sourceTree = "<group>"; };
		5B33FFAD2B016B43003E6219 /* MealDetailView.swift */ = {isa = PBXFileReference; lastKnownFileType = sourcecode.swift; path = MealDetailView.swift; sourceTree = "<group>"; };
		5B33FFB02B02C469003E6219 /* Constants.swift */ = {isa = PBXFileReference; lastKnownFileType = sourcecode.swift; path = Constants.swift; sourceTree = "<group>"; };
		5B33FFB82B02EA5D003E6219 /* MealDbRepo.swift */ = {isa = PBXFileReference; lastKnownFileType = sourcecode.swift; path = MealDbRepo.swift; sourceTree = "<group>"; };
		5B33FFBA2B040A10003E6219 /* MealItemCell.swift */ = {isa = PBXFileReference; lastKnownFileType = sourcecode.swift; path = MealItemCell.swift; sourceTree = "<group>"; };
		5B33FFBC2B040AA2003E6219 /* MealImageView.swift */ = {isa = PBXFileReference; lastKnownFileType = sourcecode.swift; path = MealImageView.swift; sourceTree = "<group>"; };
		5B33FFBF2B040E02003E6219 /* IngredientsView.swift */ = {isa = PBXFileReference; lastKnownFileType = sourcecode.swift; path = IngredientsView.swift; sourceTree = "<group>"; };
		5B33FFC12B0412EC003E6219 /* ButtonPickerView.swift */ = {isa = PBXFileReference; lastKnownFileType = sourcecode.swift; path = ButtonPickerView.swift; sourceTree = "<group>"; };
		5B33FFC32B0417A7003E6219 /* InstructionsView.swift */ = {isa = PBXFileReference; lastKnownFileType = sourcecode.swift; path = InstructionsView.swift; sourceTree = "<group>"; };
/* End PBXFileReference section */

/* Begin PBXFrameworksBuildPhase section */
		5B33FF882AFDB711003E6219 /* Frameworks */ = {
			isa = PBXFrameworksBuildPhase;
			buildActionMask = 2147483647;
			files = (
			);
			runOnlyForDeploymentPostprocessing = 0;
		};
/* End PBXFrameworksBuildPhase section */

/* Begin PBXGroup section */
		5B33FF822AFDB711003E6219 = {
			isa = PBXGroup;
			children = (
				5B33FF8D2AFDB711003E6219 /* FetchCodingChallenge */,
				5B33FF8C2AFDB711003E6219 /* Products */,
			);
			sourceTree = "<group>";
		};
		5B33FF8C2AFDB711003E6219 /* Products */ = {
			isa = PBXGroup;
			children = (
				5B33FF8B2AFDB711003E6219 /* FetchCodingChallenge.app */,
			);
			name = Products;
			sourceTree = "<group>";
		};
		5B33FF8D2AFDB711003E6219 /* FetchCodingChallenge */ = {
			isa = PBXGroup;
			children = (
				5B33FF8E2AFDB711003E6219 /* FetchCodingChallengeApp.swift */,
				5B33FFAF2B02C459003E6219 /* Utilities */,
				5B33FFA02AFDE0BA003E6219 /* Services */,
				5B33FFAA2AFEF4BE003E6219 /* Views */,
				5B33FFA32AFEB638003E6219 /* ViewModels */,
				5B33FF9D2AFDD5CC003E6219 /* Models */,
				5B33FF922AFDB713003E6219 /* Assets.xcassets */,
				5B33FF942AFDB713003E6219 /* Preview Content */,
			);
			path = FetchCodingChallenge;
			sourceTree = "<group>";
		};
		5B33FF942AFDB713003E6219 /* Preview Content */ = {
			isa = PBXGroup;
			children = (
				5B33FF952AFDB713003E6219 /* Preview Assets.xcassets */,
			);
			path = "Preview Content";
			sourceTree = "<group>";
		};
		5B33FF9D2AFDD5CC003E6219 /* Models */ = {
			isa = PBXGroup;
			children = (
				5B33FF9E2AFDD5F4003E6219 /* Meal.swift */,
			);
			path = Models;
			sourceTree = "<group>";
		};
		5B33FFA02AFDE0BA003E6219 /* Services */ = {
			isa = PBXGroup;
			children = (
				5B33FFA62AFEB804003E6219 /* NetworkManager.swift */,
				5B33FFB82B02EA5D003E6219 /* MealDbRepo.swift */,
			);
			path = Services;
			sourceTree = "<group>";
		};
		5B33FFA32AFEB638003E6219 /* ViewModels */ = {
			isa = PBXGroup;
			children = (
				5B33FFA42AFEB66B003E6219 /* MealListViewModel.swift */,
				5B33FFAB2AFEF4F0003E6219 /* MealDetailViewModel.swift */,
			);
			path = ViewModels;
			sourceTree = "<group>";
		};
		5B33FFAA2AFEF4BE003E6219 /* Views */ = {
			isa = PBXGroup;
			children = (
				5B33FFBE2B040DBC003E6219 /* Screens */,
				5B33FFBA2B040A10003E6219 /* MealItemCell.swift */,
				5B33FFBC2B040AA2003E6219 /* MealImageView.swift */,
				5B33FFC12B0412EC003E6219 /* ButtonPickerView.swift */,
				5B33FFBF2B040E02003E6219 /* IngredientsView.swift */,
				5B33FFC32B0417A7003E6219 /* InstructionsView.swift */,
			);
			path = Views;
			sourceTree = "<group>";
		};
		5B33FFAF2B02C459003E6219 /* Utilities */ = {
			isa = PBXGroup;
			children = (
				5B33FFB02B02C469003E6219 /* Constants.swift */,
			);
			path = Utilities;
			sourceTree = "<group>";
		};
		5B33FFBE2B040DBC003E6219 /* Screens */ = {
			isa = PBXGroup;
			children = (
				5B33FFA82AFED10B003E6219 /* MealListView.swift */,
				5B33FFAD2B016B43003E6219 /* MealDetailView.swift */,
			);
			path = Screens;
			sourceTree = "<group>";
		};
/* End PBXGroup section */

/* Begin PBXNativeTarget section */
		5B33FF8A2AFDB711003E6219 /* FetchCodingChallenge */ = {
			isa = PBXNativeTarget;
			buildConfigurationList = 5B33FF992AFDB713003E6219 /* Build configuration list for PBXNativeTarget "FetchCodingChallenge" */;
			buildPhases = (
				5B33FF872AFDB711003E6219 /* Sources */,
				5B33FF882AFDB711003E6219 /* Frameworks */,
				5B33FF892AFDB711003E6219 /* Resources */,
			);
			buildRules = (
			);
			dependencies = (
			);
			name = FetchCodingChallenge;
			productName = FetchCodingChallenge;
			productReference = 5B33FF8B2AFDB711003E6219 /* FetchCodingChallenge.app */;
			productType = "com.apple.product-type.application";
		};
/* End PBXNativeTarget section */

/* Begin PBXProject section */
		5B33FF832AFDB711003E6219 /* Project object */ = {
			isa = PBXProject;
			attributes = {
				BuildIndependentTargetsInParallel = 1;
				LastSwiftUpdateCheck = 1500;
				LastUpgradeCheck = 1500;
				TargetAttributes = {
					5B33FF8A2AFDB711003E6219 = {
						CreatedOnToolsVersion = 15.0;
					};
				};
			};
			buildConfigurationList = 5B33FF862AFDB711003E6219 /* Build configuration list for PBXProject "FetchCodingChallenge" */;
			compatibilityVersion = "Xcode 14.0";
			developmentRegion = en;
			hasScannedForEncodings = 0;
			knownRegions = (
				en,
				Base,
			);
			mainGroup = 5B33FF822AFDB711003E6219;
			productRefGroup = 5B33FF8C2AFDB711003E6219 /* Products */;
			projectDirPath = "";
			projectRoot = "";
			targets = (
				5B33FF8A2AFDB711003E6219 /* FetchCodingChallenge */,
			);
		};
/* End PBXProject section */

/* Begin PBXResourcesBuildPhase section */
		5B33FF892AFDB711003E6219 /* Resources */ = {
			isa = PBXResourcesBuildPhase;
			buildActionMask = 2147483647;
			files = (
				5B33FF962AFDB713003E6219 /* Preview Assets.xcassets in Resources */,
				5B33FF932AFDB713003E6219 /* Assets.xcassets in Resources */,
			);
			runOnlyForDeploymentPostprocessing = 0;
		};
/* End PBXResourcesBuildPhase section */

/* Begin PBXSourcesBuildPhase section */
		5B33FF872AFDB711003E6219 /* Sources */ = {
			isa = PBXSourcesBuildPhase;
			buildActionMask = 2147483647;
			files = (
				5B33FF9F2AFDD5F4003E6219 /* Meal.swift in Sources */,
				5B33FFA72AFEB804003E6219 /* NetworkManager.swift in Sources */,
				5B33FFB92B02EA5D003E6219 /* MealDbRepo.swift in Sources */,
				5B33FF8F2AFDB711003E6219 /* FetchCodingChallengeApp.swift in Sources */,
				5B33FFBD2B040AA2003E6219 /* MealImageView.swift in Sources */,
				5B33FFA52AFEB66B003E6219 /* MealListViewModel.swift in Sources */,
				5B33FFAE2B016B43003E6219 /* MealDetailView.swift in Sources */,
				5B33FFC22B0412EC003E6219 /* ButtonPickerView.swift in Sources */,
				5B33FFAC2AFEF4F0003E6219 /* MealDetailViewModel.swift in Sources */,
				5B33FFBB2B040A10003E6219 /* MealItemCell.swift in Sources */,
				5B33FFC02B040E02003E6219 /* IngredientsView.swift in Sources */,
				5B33FFC42B0417A7003E6219 /* InstructionsView.swift in Sources */,
				5B33FFA92AFED10B003E6219 /* MealListView.swift in Sources */,
				5B33FFB12B02C469003E6219 /* Constants.swift in Sources */,
			);
			runOnlyForDeploymentPostprocessing = 0;
		};
/* End PBXSourcesBuildPhase section */

/* Begin XCBuildConfiguration section */
		5B33FF972AFDB713003E6219 /* Debug */ = {
			isa = XCBuildConfiguration;
			buildSettings = {
				ALWAYS_SEARCH_USER_PATHS = NO;
				ASSETCATALOG_COMPILER_GENERATE_SWIFT_ASSET_SYMBOL_EXTENSIONS = YES;
				CLANG_ANALYZER_NONNULL = YES;
				CLANG_ANALYZER_NUMBER_OBJECT_CONVERSION = YES_AGGRESSIVE;
				CLANG_CXX_LANGUAGE_STANDARD = "gnu++20";
				CLANG_ENABLE_MODULES = YES;
				CLANG_ENABLE_OBJC_ARC = YES;
				CLANG_ENABLE_OBJC_WEAK = YES;
				CLANG_WARN_BLOCK_CAPTURE_AUTORELEASING = YES;
				CLANG_WARN_BOOL_CONVERSION = YES;
				CLANG_WARN_COMMA = YES;
				CLANG_WARN_CONSTANT_CONVERSION = YES;
				CLANG_WARN_DEPRECATED_OBJC_IMPLEMENTATIONS = YES;
				CLANG_WARN_DIRECT_OBJC_ISA_USAGE = YES_ERROR;
				CLANG_WARN_DOCUMENTATION_COMMENTS = YES;
				CLANG_WARN_EMPTY_BODY = YES;
				CLANG_WARN_ENUM_CONVERSION = YES;
				CLANG_WARN_INFINITE_RECURSION = YES;
				CLANG_WARN_INT_CONVERSION = YES;
				CLANG_WARN_NON_LITERAL_NULL_CONVERSION = YES;
				CLANG_WARN_OBJC_IMPLICIT_RETAIN_SELF = YES;
				CLANG_WARN_OBJC_LITERAL_CONVERSION = YES;
				CLANG_WARN_OBJC_ROOT_CLASS = YES_ERROR;
				CLANG_WARN_QUOTED_INCLUDE_IN_FRAMEWORK_HEADER = YES;
				CLANG_WARN_RANGE_LOOP_ANALYSIS = YES;
				CLANG_WARN_STRICT_PROTOTYPES = YES;
				CLANG_WARN_SUSPICIOUS_MOVE = YES;
				CLANG_WARN_UNGUARDED_AVAILABILITY = YES_AGGRESSIVE;
				CLANG_WARN_UNREACHABLE_CODE = YES;
				CLANG_WARN__DUPLICATE_METHOD_MATCH = YES;
				COPY_PHASE_STRIP = NO;
				DEBUG_INFORMATION_FORMAT = dwarf;
				ENABLE_STRICT_OBJC_MSGSEND = YES;
				ENABLE_TESTABILITY = YES;
				ENABLE_USER_SCRIPT_SANDBOXING = YES;
				GCC_C_LANGUAGE_STANDARD = gnu17;
				GCC_DYNAMIC_NO_PIC = NO;
				GCC_NO_COMMON_BLOCKS = YES;
				GCC_OPTIMIZATION_LEVEL = 0;
				GCC_PREPROCESSOR_DEFINITIONS = (
					"DEBUG=1",
					"$(inherited)",
				);
				GCC_WARN_64_TO_32_BIT_CONVERSION = YES;
				GCC_WARN_ABOUT_RETURN_TYPE = YES_ERROR;
				GCC_WARN_UNDECLARED_SELECTOR = YES;
				GCC_WARN_UNINITIALIZED_AUTOS = YES_AGGRESSIVE;
				GCC_WARN_UNUSED_FUNCTION = YES;
				GCC_WARN_UNUSED_VARIABLE = YES;
				IPHONEOS_DEPLOYMENT_TARGET = 17.0;
				LOCALIZATION_PREFERS_STRING_CATALOGS = YES;
				MTL_ENABLE_DEBUG_INFO = INCLUDE_SOURCE;
				MTL_FAST_MATH = YES;
				ONLY_ACTIVE_ARCH = YES;
				SDKROOT = iphoneos;
				SWIFT_ACTIVE_COMPILATION_CONDITIONS = "DEBUG $(inherited)";
				SWIFT_OPTIMIZATION_LEVEL = "-Onone";
			};
			name = Debug;
		};
		5B33FF982AFDB713003E6219 /* Release */ = {
			isa = XCBuildConfiguration;
			buildSettings = {
				ALWAYS_SEARCH_USER_PATHS = NO;
				ASSETCATALOG_COMPILER_GENERATE_SWIFT_ASSET_SYMBOL_EXTENSIONS = YES;
				CLANG_ANALYZER_NONNULL = YES;
				CLANG_ANALYZER_NUMBER_OBJECT_CONVERSION = YES_AGGRESSIVE;
				CLANG_CXX_LANGUAGE_STANDARD = "gnu++20";
				CLANG_ENABLE_MODULES = YES;
				CLANG_ENABLE_OBJC_ARC = YES;
				CLANG_ENABLE_OBJC_WEAK = YES;
				CLANG_WARN_BLOCK_CAPTURE_AUTORELEASING = YES;
				CLANG_WARN_BOOL_CONVERSION = YES;
				CLANG_WARN_COMMA = YES;
				CLANG_WARN_CONSTANT_CONVERSION = YES;
				CLANG_WARN_DEPRECATED_OBJC_IMPLEMENTATIONS = YES;
				CLANG_WARN_DIRECT_OBJC_ISA_USAGE = YES_ERROR;
				CLANG_WARN_DOCUMENTATION_COMMENTS = YES;
				CLANG_WARN_EMPTY_BODY = YES;
				CLANG_WARN_ENUM_CONVERSION = YES;
				CLANG_WARN_INFINITE_RECURSION = YES;
				CLANG_WARN_INT_CONVERSION = YES;
				CLANG_WARN_NON_LITERAL_NULL_CONVERSION = YES;
				CLANG_WARN_OBJC_IMPLICIT_RETAIN_SELF = YES;
				CLANG_WARN_OBJC_LITERAL_CONVERSION = YES;
				CLANG_WARN_OBJC_ROOT_CLASS = YES_ERROR;
				CLANG_WARN_QUOTED_INCLUDE_IN_FRAMEWORK_HEADER = YES;
				CLANG_WARN_RANGE_LOOP_ANALYSIS = YES;
				CLANG_WARN_STRICT_PROTOTYPES = YES;
				CLANG_WARN_SUSPICIOUS_MOVE = YES;
				CLANG_WARN_UNGUARDED_AVAILABILITY = YES_AGGRESSIVE;
				CLANG_WARN_UNREACHABLE_CODE = YES;
				CLANG_WARN__DUPLICATE_METHOD_MATCH = YES;
				COPY_PHASE_STRIP = NO;
				DEBUG_INFORMATION_FORMAT = "dwarf-with-dsym";
				ENABLE_NS_ASSERTIONS = NO;
				ENABLE_STRICT_OBJC_MSGSEND = YES;
				ENABLE_USER_SCRIPT_SANDBOXING = YES;
				GCC_C_LANGUAGE_STANDARD = gnu17;
				GCC_NO_COMMON_BLOCKS = YES;
				GCC_WARN_64_TO_32_BIT_CONVERSION = YES;
				GCC_WARN_ABOUT_RETURN_TYPE = YES_ERROR;
				GCC_WARN_UNDECLARED_SELECTOR = YES;
				GCC_WARN_UNINITIALIZED_AUTOS = YES_AGGRESSIVE;
				GCC_WARN_UNUSED_FUNCTION = YES;
				GCC_WARN_UNUSED_VARIABLE = YES;
				IPHONEOS_DEPLOYMENT_TARGET = 17.0;
				LOCALIZATION_PREFERS_STRING_CATALOGS = YES;
				MTL_ENABLE_DEBUG_INFO = NO;
				MTL_FAST_MATH = YES;
				SDKROOT = iphoneos;
				SWIFT_COMPILATION_MODE = wholemodule;
				VALIDATE_PRODUCT = YES;
			};
			name = Release;
		};
		5B33FF9A2AFDB713003E6219 /* Debug */ = {
			isa = XCBuildConfiguration;
			buildSettings = {
				ASSETCATALOG_COMPILER_APPICON_NAME = AppIcon;
				ASSETCATALOG_COMPILER_GLOBAL_ACCENT_COLOR_NAME = AccentColor;
				CODE_SIGN_STYLE = Automatic;
				CURRENT_PROJECT_VERSION = 1;
				DEVELOPMENT_ASSET_PATHS = "\"FetchCodingChallenge/Preview Content\"";
				DEVELOPMENT_TEAM = 2J43M5H25R;
				ENABLE_PREVIEWS = YES;
				GENERATE_INFOPLIST_FILE = YES;
				INFOPLIST_KEY_UIApplicationSceneManifest_Generation = YES;
				INFOPLIST_KEY_UIApplicationSupportsIndirectInputEvents = YES;
				INFOPLIST_KEY_UILaunchScreen_Generation = YES;
				INFOPLIST_KEY_UISupportedInterfaceOrientations_iPad = "UIInterfaceOrientationPortrait UIInterfaceOrientationPortraitUpsideDown UIInterfaceOrientationLandscapeLeft UIInterfaceOrientationLandscapeRight";
				INFOPLIST_KEY_UISupportedInterfaceOrientations_iPhone = "UIInterfaceOrientationPortrait UIInterfaceOrientationLandscapeLeft UIInterfaceOrientationLandscapeRight";
				LD_RUNPATH_SEARCH_PATHS = (
					"$(inherited)",
					"@executable_path/Frameworks",
				);
				MARKETING_VERSION = 1.0;
				PRODUCT_BUNDLE_IDENTIFIER = com.Dchuon.FetchCodingChallenge;
				PRODUCT_NAME = "$(TARGET_NAME)";
				SWIFT_EMIT_LOC_STRINGS = YES;
				SWIFT_VERSION = 5.0;
				TARGETED_DEVICE_FAMILY = "1,2";
			};
			name = Debug;
		};
		5B33FF9B2AFDB713003E6219 /* Release */ = {
			isa = XCBuildConfiguration;
			buildSettings = {
				ASSETCATALOG_COMPILER_APPICON_NAME = AppIcon;
				ASSETCATALOG_COMPILER_GLOBAL_ACCENT_COLOR_NAME = AccentColor;
				CODE_SIGN_STYLE = Automatic;
				CURRENT_PROJECT_VERSION = 1;
				DEVELOPMENT_ASSET_PATHS = "\"FetchCodingChallenge/Preview Content\"";
				DEVELOPMENT_TEAM = 2J43M5H25R;
				ENABLE_PREVIEWS = YES;
				GENERATE_INFOPLIST_FILE = YES;
				INFOPLIST_KEY_UIApplicationSceneManifest_Generation = YES;
				INFOPLIST_KEY_UIApplicationSupportsIndirectInputEvents = YES;
				INFOPLIST_KEY_UILaunchScreen_Generation = YES;
				INFOPLIST_KEY_UISupportedInterfaceOrientations_iPad = "UIInterfaceOrientationPortrait UIInterfaceOrientationPortraitUpsideDown UIInterfaceOrientationLandscapeLeft UIInterfaceOrientationLandscapeRight";
				INFOPLIST_KEY_UISupportedInterfaceOrientations_iPhone = "UIInterfaceOrientationPortrait UIInterfaceOrientationLandscapeLeft UIInterfaceOrientationLandscapeRight";
				LD_RUNPATH_SEARCH_PATHS = (
					"$(inherited)",
					"@executable_path/Frameworks",
				);
				MARKETING_VERSION = 1.0;
				PRODUCT_BUNDLE_IDENTIFIER = com.Dchuon.FetchCodingChallenge;
				PRODUCT_NAME = "$(TARGET_NAME)";
				SWIFT_EMIT_LOC_STRINGS = YES;
				SWIFT_VERSION = 5.0;
				TARGETED_DEVICE_FAMILY = "1,2";
			};
			name = Release;
		};
/* End XCBuildConfiguration section */

/* Begin XCConfigurationList section */
		5B33FF862AFDB711003E6219 /* Build configuration list for PBXProject "FetchCodingChallenge" */ = {
			isa = XCConfigurationList;
			buildConfigurations = (
				5B33FF972AFDB713003E6219 /* Debug */,
				5B33FF982AFDB713003E6219 /* Release */,
			);
			defaultConfigurationIsVisible = 0;
			defaultConfigurationName = Release;
		};
		5B33FF992AFDB713003E6219 /* Build configuration list for PBXNativeTarget "FetchCodingChallenge" */ = {
			isa = XCConfigurationList;
			buildConfigurations = (
				5B33FF9A2AFDB713003E6219 /* Debug */,
				5B33FF9B2AFDB713003E6219 /* Release */,
			);
			defaultConfigurationIsVisible = 0;
			defaultConfigurationName = Release;
		};
/* End XCConfigurationList section */
	};
	rootObject = 5B33FF832AFDB711003E6219 /* Project object */;
}
